
Microsoft Visual Studio Solution File, Format Version 12.00
# Visual Studio Version 17
VisualStudioVersion = 17.1.32421.90
MinimumVisualStudioVersion = 10.0.40219.1
Project("{FAE04EC0-301F-11D3-BF4B-00C04F79EFBC}") = "MatchGame", "MatchGame\MatchGame.csproj", "{008F8579-8700-4202-9682-F279066CAFB4}"
EndProject
Global
	GlobalSection(SolutionConfigurationPlatforms) = preSolution
		Debug|Any CPU = Debug|Any CPU
		Release|Any CPU = Release|Any CPU
	EndGlobalSection
	GlobalSection(ProjectConfigurationPlatforms) = postSolution
		{008F8579-8700-4202-9682-F279066CAFB4}.Debug|Any CPU.ActiveCfg = Debug|Any CPU
		{008F8579-8700-4202-9682-F279066CAFB4}.Debug|Any CPU.Build.0 = Debug|Any CPU
		{008F8579-8700-4202-9682-F279066CAFB4}.Release|Any CPU.ActiveCfg = Release|Any CPU
		{008F8579-8700-4202-9682-F279066CAFB4}.Release|Any CPU.Build.0 = Release|Any CPU
	EndGlobalSection
	GlobalSection(SolutionProperties) = preSolution
		HideSolutionNode = FALSE
	EndGlobalSection
	GlobalSection(ExtensibilityGlobals) = postSolution
		SolutionGuid = {4CC74932-2EC2-495E-A9F1-ECB27C09A84A}
	EndGlobalSection
EndGlobal
